
Microsoft Visual Studio Solution File, Format Version 12.00
# Visual Studio Version 16
VisualStudioVersion = 16.0.31019.35
MinimumVisualStudioVersion = 10.0.40219.1
Project("{FAE04EC0-301F-11D3-BF4B-00C04F79EFBC}") = "dotnet_rpg", "dotnet_rpg.csproj", "{D05A1A96-2AC5-400A-98F0-E47ADBBDD95F}"
EndProject
Global
	GlobalSection(SolutionConfigurationPlatforms) = preSolution
		Debug|Any CPU = Debug|Any CPU
		Release|Any CPU = Release|Any CPU
	EndGlobalSection
	GlobalSection(ProjectConfigurationPlatforms) = postSolution
		{D05A1A96-2AC5-400A-98F0-E47ADBBDD95F}.Debug|Any CPU.ActiveCfg = Debug|Any CPU
		{D05A1A96-2AC5-400A-98F0-E47ADBBDD95F}.Debug|Any CPU.Build.0 = Debug|Any CPU
		{D05A1A96-2AC5-400A-98F0-E47ADBBDD95F}.Release|Any CPU.ActiveCfg = Release|Any CPU
		{D05A1A96-2AC5-400A-98F0-E47ADBBDD95F}.Release|Any CPU.Build.0 = Release|Any CPU
	EndGlobalSection
	GlobalSection(SolutionProperties) = preSolution
		HideSolutionNode = FALSE
	EndGlobalSection
	GlobalSection(ExtensibilityGlobals) = postSolution
		SolutionGuid = {F6B1E354-CFAB-4DC4-827D-0FEB2E531D76}
	EndGlobalSection
EndGlobal
